
Microsoft Visual Studio Solution File, Format Version 12.00
# Visual Studio Version 17
VisualStudioVersion = 17.2.32526.322
MinimumVisualStudioVersion = 10.0.40219.1
Project("{FAE04EC0-301F-11D3-BF4B-00C04F79EFBC}") = "Xiaohe Shuangpin", "Xiaohe Shuangpin.csproj", "{409D9695-A5EB-4CBE-9210-6ABE0DDA3A6C}"
EndProject
Global
	GlobalSection(SolutionConfigurationPlatforms) = preSolution
		Debug|Any CPU = Debug|Any CPU
		Release|Any CPU = Release|Any CPU
	EndGlobalSection
	GlobalSection(ProjectConfigurationPlatforms) = postSolution
		{409D9695-A5EB-4CBE-9210-6ABE0DDA3A6C}.Debug|Any CPU.ActiveCfg = Debug|Any CPU
		{409D9695-A5EB-4CBE-9210-6ABE0DDA3A6C}.Debug|Any CPU.Build.0 = Debug|Any CPU
		{409D9695-A5EB-4CBE-9210-6ABE0DDA3A6C}.Release|Any CPU.ActiveCfg = Release|Any CPU
		{409D9695-A5EB-4CBE-9210-6ABE0DDA3A6C}.Release|Any CPU.Build.0 = Release|Any CPU
	EndGlobalSection
	GlobalSection(SolutionProperties) = preSolution
		HideSolutionNode = FALSE
	EndGlobalSection
	GlobalSection(ExtensibilityGlobals) = postSolution
		SolutionGuid = {03949793-7556-4990-BF7A-002621497872}
	EndGlobalSection
EndGlobal
