
Microsoft Visual Studio Solution File, Format Version 12.00
# Visual Studio Version 17
VisualStudioVersion = 17.2.32526.322
MinimumVisualStudioVersion = 10.0.40219.1
Project("{FAE04EC0-301F-11D3-BF4B-00C04F79EFBC}") = "Little Crane Shuangpin", "Little Crane Shuangpin.csproj", "{919EC926-6295-4778-AC3C-E8C4110BE85E}"
EndProject
Global
	GlobalSection(SolutionConfigurationPlatforms) = preSolution
		Debug|Any CPU = Debug|Any CPU
		Release|Any CPU = Release|Any CPU
	EndGlobalSection
	GlobalSection(ProjectConfigurationPlatforms) = postSolution
		{919EC926-6295-4778-AC3C-E8C4110BE85E}.Debug|Any CPU.ActiveCfg = Debug|Any CPU
		{919EC926-6295-4778-AC3C-E8C4110BE85E}.Debug|Any CPU.Build.0 = Debug|Any CPU
		{919EC926-6295-4778-AC3C-E8C4110BE85E}.Release|Any CPU.ActiveCfg = Release|Any CPU
		{919EC926-6295-4778-AC3C-E8C4110BE85E}.Release|Any CPU.Build.0 = Release|Any CPU
	EndGlobalSection
	GlobalSection(SolutionProperties) = preSolution
		HideSolutionNode = FALSE
	EndGlobalSection
	GlobalSection(ExtensibilityGlobals) = postSolution
		SolutionGuid = {03949793-7556-4990-BF7A-002621497872}
	EndGlobalSection
EndGlobal
